Microsoft Visual Studio Solution File, Format Version 12.00
# Visual Studio 14
VisualStudioVersion = 14.0.25420.1
MinimumVisualStudioVersion = 10.0.40219.1
Project("{2150E333-8FDC-42A3-9474-1A3956D46DE8}") = "Configuration", "Configuration", "{67A49EB5-F033-4B94-A662-BE6A1310A63B}"
	ProjectSection(SolutionItems) = preProject
		.gitattributes = .gitattributes
		.gitignore = .gitignore
		nuget.config = nuget.config
		publishsettings.targets = publishsettings.targets
		README.md = README.md
	EndProjectSection
EndProject
Project("{2150E333-8FDC-42A3-9474-1A3956D46DE8}") = "Feature", "Feature", "{521CF72A-FB01-4F04-83C7-5288EB4FB0C9}"
EndProject
Project("{2150E333-8FDC-42A3-9474-1A3956D46DE8}") = "Foundation", "Foundation", "{5CBDCD64-2736-439A-89C6-ED05B0A69C96}"
EndProject
Project("{2150E333-8FDC-42A3-9474-1A3956D46DE8}") = "Project", "Project", "{0F8AC681-AB37-4123-BD28-26B5D4FC3F9A}"
EndProject
Project("{FAE04EC0-301F-11D3-BF4B-00C04F79EFBC}") = "Helix_Clean.Website", "src\Project\Helix_Clean\code\Helix_Clean.Website.csproj", "{2221D72B-DB43-41B8-A45C-20BE49642DAD}"
EndProject
Project("{2150E333-8FDC-42A3-9474-1A3956D46DE8}") = "Helix_Clean", "Helix_Clean", "{6A9A0D75-1CD6-4EB9-BC8B-62213CC37ABC}"
EndProject
Global
	GlobalSection(SolutionConfigurationPlatforms) = preSolution
		Debug|Any CPU = Debug|Any CPU
		Debug|x64 = Debug|x64
		Release|Any CPU = Release|Any CPU
		Release|x64 = Release|x64
	EndGlobalSection
	GlobalSection(ProjectConfigurationPlatforms) = postSolution
		{2221D72B-DB43-41B8-A45C-20BE49642DAD}.Debug|Any CPU.ActiveCfg = Debug|Any CPU
		{2221D72B-DB43-41B8-A45C-20BE49642DAD}.Debug|Any CPU.Build.0 = Debug|Any CPU
		{2221D72B-DB43-41B8-A45C-20BE49642DAD}.Debug|x64.ActiveCfg = Debug|Any CPU
		{2221D72B-DB43-41B8-A45C-20BE49642DAD}.Debug|x64.Build.0 = Debug|Any CPU
		{2221D72B-DB43-41B8-A45C-20BE49642DAD}.Release|Any CPU.ActiveCfg = Release|Any CPU
		{2221D72B-DB43-41B8-A45C-20BE49642DAD}.Release|Any CPU.Build.0 = Release|Any CPU
		{2221D72B-DB43-41B8-A45C-20BE49642DAD}.Release|x64.ActiveCfg = Release|Any CPU
		{2221D72B-DB43-41B8-A45C-20BE49642DAD}.Release|x64.Build.0 = Release|Any CPU
	EndGlobalSection
	GlobalSection(SolutionProperties) = preSolution
		HideSolutionNode = FALSE
	EndGlobalSection
	GlobalSection(NestedProjects) = preSolution
		{2221D72B-DB43-41B8-A45C-20BE49642DAD} = {6A9A0D75-1CD6-4EB9-BC8B-62213CC37ABC}
		{6A9A0D75-1CD6-4EB9-BC8B-62213CC37ABC} = {0F8AC681-AB37-4123-BD28-26B5D4FC3F9A}
	EndGlobalSection
EndGlobal
